
Microsoft Visual Studio Solution File, Format Version 12.00
# Visual Studio Version 17
VisualStudioVersion = 17.5.002.0
MinimumVisualStudioVersion = 10.0.40219.1
Project("{9A19103F-16F7-4668-BE54-9A1E7A4F7556}") = "Atividade 1", "Atividade 1.csproj", "{624E8AFE-3D97-4286-8896-A7CF8303AEC5}"
EndProject
Global
	GlobalSection(SolutionConfigurationPlatforms) = preSolution
		Debug|Any CPU = Debug|Any CPU
		Release|Any CPU = Release|Any CPU
	EndGlobalSection
	GlobalSection(ProjectConfigurationPlatforms) = postSolution
		{624E8AFE-3D97-4286-8896-A7CF8303AEC5}.Debug|Any CPU.ActiveCfg = Debug|Any CPU
		{624E8AFE-3D97-4286-8896-A7CF8303AEC5}.Debug|Any CPU.Build.0 = Debug|Any CPU
		{624E8AFE-3D97-4286-8896-A7CF8303AEC5}.Release|Any CPU.ActiveCfg = Release|Any CPU
		{624E8AFE-3D97-4286-8896-A7CF8303AEC5}.Release|Any CPU.Build.0 = Release|Any CPU
	EndGlobalSection
	GlobalSection(SolutionProperties) = preSolution
		HideSolutionNode = FALSE
	EndGlobalSection
	GlobalSection(ExtensibilityGlobals) = postSolution
		SolutionGuid = {A2D83DA5-ED77-4D60-B44A-A73581DDD843}
	EndGlobalSection
EndGlobal
